
Microsoft Visual Studio Solution File, Format Version 12.00
# Visual Studio Version 17
VisualStudioVersion = 17.11.35327.3
MinimumVisualStudioVersion = 10.0.40219.1
Project("{9A19103F-16F7-4668-BE54-9A1E7A4F7556}") = "Default.Domain", "Default.Domain\Default.Domain.csproj", "{766F9C40-1D37-41A5-9B80-D7B2F2218471}"
EndProject
Project("{9A19103F-16F7-4668-BE54-9A1E7A4F7556}") = "Default.Application", "Default.Application\Default.Application.csproj", "{2EF7C4D7-6D46-45E1-B74D-99AC84B174E3}"
EndProject
Project("{9A19103F-16F7-4668-BE54-9A1E7A4F7556}") = "Default.CrossCutting", "Default.CrossCutting\Default.CrossCutting.csproj", "{FD857690-0D1A-4096-9CB6-4AD4A6FFD962}"
EndProject
Project("{9A19103F-16F7-4668-BE54-9A1E7A4F7556}") = "Default.API", "Default.API\Default.API.csproj", "{1B82CDC8-63F5-49ED-9475-919B39CCC65A}"
EndProject
Project("{9A19103F-16F7-4668-BE54-9A1E7A4F7556}") = "Default.Infrastructure", "Default.Infrastructure\Default.Infrastructure.csproj", "{7DC3FA0F-E541-4F23-84D8-8C73A5728258}"
EndProject
Global
	GlobalSection(SolutionConfigurationPlatforms) = preSolution
		Debug|Any CPU = Debug|Any CPU
		Release|Any CPU = Release|Any CPU
	EndGlobalSection
	GlobalSection(ProjectConfigurationPlatforms) = postSolution
		{766F9C40-1D37-41A5-9B80-D7B2F2218471}.Debug|Any CPU.ActiveCfg = Debug|Any CPU
		{766F9C40-1D37-41A5-9B80-D7B2F2218471}.Debug|Any CPU.Build.0 = Debug|Any CPU
		{766F9C40-1D37-41A5-9B80-D7B2F2218471}.Release|Any CPU.ActiveCfg = Release|Any CPU
		{766F9C40-1D37-41A5-9B80-D7B2F2218471}.Release|Any CPU.Build.0 = Release|Any CPU
		{2EF7C4D7-6D46-45E1-B74D-99AC84B174E3}.Debug|Any CPU.ActiveCfg = Debug|Any CPU
		{2EF7C4D7-6D46-45E1-B74D-99AC84B174E3}.Debug|Any CPU.Build.0 = Debug|Any CPU
		{2EF7C4D7-6D46-45E1-B74D-99AC84B174E3}.Release|Any CPU.ActiveCfg = Release|Any CPU
		{2EF7C4D7-6D46-45E1-B74D-99AC84B174E3}.Release|Any CPU.Build.0 = Release|Any CPU
		{FD857690-0D1A-4096-9CB6-4AD4A6FFD962}.Debug|Any CPU.ActiveCfg = Debug|Any CPU
		{FD857690-0D1A-4096-9CB6-4AD4A6FFD962}.Debug|Any CPU.Build.0 = Debug|Any CPU
		{FD857690-0D1A-4096-9CB6-4AD4A6FFD962}.Release|Any CPU.ActiveCfg = Release|Any CPU
		{FD857690-0D1A-4096-9CB6-4AD4A6FFD962}.Release|Any CPU.Build.0 = Release|Any CPU
		{1B82CDC8-63F5-49ED-9475-919B39CCC65A}.Debug|Any CPU.ActiveCfg = Debug|Any CPU
		{1B82CDC8-63F5-49ED-9475-919B39CCC65A}.Debug|Any CPU.Build.0 = Debug|Any CPU
		{1B82CDC8-63F5-49ED-9475-919B39CCC65A}.Release|Any CPU.ActiveCfg = Release|Any CPU
		{1B82CDC8-63F5-49ED-9475-919B39CCC65A}.Release|Any CPU.Build.0 = Release|Any CPU
		{7DC3FA0F-E541-4F23-84D8-8C73A5728258}.Debug|Any CPU.ActiveCfg = Debug|Any CPU
		{7DC3FA0F-E541-4F23-84D8-8C73A5728258}.Debug|Any CPU.Build.0 = Debug|Any CPU
		{7DC3FA0F-E541-4F23-84D8-8C73A5728258}.Release|Any CPU.ActiveCfg = Release|Any CPU
		{7DC3FA0F-E541-4F23-84D8-8C73A5728258}.Release|Any CPU.Build.0 = Release|Any CPU
	EndGlobalSection
	GlobalSection(SolutionProperties) = preSolution
		HideSolutionNode = FALSE
	EndGlobalSection
	GlobalSection(ExtensibilityGlobals) = postSolution
		SolutionGuid = {27871A06-D7E5-4235-9385-E26882995D43}
	EndGlobalSection
EndGlobal
